// !$*UTF8*$!
{
	archiveVersion = 1;
	classes = {
	};
	objectVersion = 46;
	objects = {

/* Begin PBXBuildFile section */
		A194D48BEC28D91A67BF8531 /* Pods_KZ_RefreshScrollView.framework in Frameworks */ = {isa = PBXBuildFile; fileRef = 2C77D30EC1D28A70E4849E0C /* Pods_KZ_RefreshScrollView.framework */; };
		AE932F691F3E44E800247BF9 /* ScrollViewController.m in Sources */ = {isa = PBXBuildFile; fileRef = AE932F681F3E44E800247BF9 /* ScrollViewController.m */; };
		AEF176D11E0EBDFC003D041A /* main.m in Sources */ = {isa = PBXBuildFile; fileRef = AEF176D01E0EBDFC003D041A /* main.m */; };
		AEF176D41E0EBDFC003D041A /* AppDelegate.m in Sources */ = {isa = PBXBuildFile; fileRef = AEF176D31E0EBDFC003D041A /* AppDelegate.m */; };
		AEF176D71E0EBDFC003D041A /* ViewController.m in Sources */ = {isa = PBXBuildFile; fileRef = AEF176D61E0EBDFC003D041A /* ViewController.m */; };
		AEF176DA1E0EBDFC003D041A /* Main.storyboard in Resources */ = {isa = PBXBuildFile; fileRef = AEF176D81E0EBDFC003D041A /* Main.storyboard */; };
		AEF176DC1E0EBDFC003D041A /* Assets.xcassets in Resources */ = {isa = PBXBuildFile; fileRef = AEF176DB1E0EBDFC003D041A /* Assets.xcassets */; };
		AEF176DF1E0EBDFC003D041A /* LaunchScreen.storyboard in Resources */ = {isa = PBXBuildFile; fileRef = AEF176DD1E0EBDFC003D041A /* LaunchScreen.storyboard */; };
		AEF177091E0EBF0E003D041A /* NormalTableViewController.m in Sources */ = {isa = PBXBuildFile; fileRef = AEF177081E0EBF0E003D041A /* NormalTableViewController.m */; };
		AEF1770C1E0EBF2B003D041A /* CustomTableViewController.m in Sources */ = {isa = PBXBuildFile; fileRef = AEF1770B1E0EBF2B003D041A /* CustomTableViewController.m */; };
		AEF1770F1E0EBF59003D041A /* WebRefreshViewController.m in Sources */ = {isa = PBXBuildFile; fileRef = AEF1770E1E0EBF59003D041A /* WebRefreshViewController.m */; };
		AEF177121E0EBF74003D041A /* TableViewCustomLoadMoreView.m in Sources */ = {isa = PBXBuildFile; fileRef = AEF177111E0EBF74003D041A /* TableViewCustomLoadMoreView.m */; };
		AEF177151E0EBF8F003D041A /* TableViewCustomRefreshView.m in Sources */ = {isa = PBXBuildFile; fileRef = AEF177141E0EBF8F003D041A /* TableViewCustomRefreshView.m */; };
		AEF177181E0EC022003D041A /* CollectionRefreshViewController.m in Sources */ = {isa = PBXBuildFile; fileRef = AEF177171E0EC022003D041A /* CollectionRefreshViewController.m */; };
		AEFCC1E21FCFE99E00CD8FB4 /* KZ_RefreshScrollViewBundle.bundle in Resources */ = {isa = PBXBuildFile; fileRef = AEFCC1E01FCFE99E00CD8FB4 /* KZ_RefreshScrollViewBundle.bundle */; };
		AEFCC1E31FCFE99E00CD8FB4 /* KZ_RefreshScrollViewFramework.framework in Frameworks */ = {isa = PBXBuildFile; fileRef = AEFCC1E11FCFE99E00CD8FB4 /* KZ_RefreshScrollViewFramework.framework */; };
/* End PBXBuildFile section */

/* Begin PBXCopyFilesBuildPhase section */
		AEDC10EE1FC1E55100752728 /* Embed Frameworks */ = {
			isa = PBXCopyFilesBuildPhase;
			buildActionMask = 2147483647;
			dstPath = "";
			dstSubfolderSpec = 10;
			files = (
			);
			name = "Embed Frameworks";
			runOnlyForDeploymentPostprocessing = 0;
		};
/* End PBXCopyFilesBuildPhase section */

/* Begin PBXFileReference section */
		0E3323F539EA67CCC6A9A87F /* Pods-KZ_RefreshScrollViewFramework.debug.xcconfig */ = {isa = PBXFileReference; includeInIndex = 1; lastKnownFileType = text.xcconfig; name = "Pods-KZ_RefreshScrollViewFramework.debug.xcconfig"; path = "Pods/Target Support Files/Pods-KZ_RefreshScrollViewFramework/Pods-KZ_RefreshScrollViewFramework.debug.xcconfig"; sourceTree = "<group>"; };
		2C77D30EC1D28A70E4849E0C /* Pods_KZ_RefreshScrollView.framework */ = {isa = PBXFileReference; explicitFileType = wrapper.framework; includeInIndex = 0; path = Pods_KZ_RefreshScrollView.framework; sourceTree = BUILT_PRODUCTS_DIR; };
		8BBC4391152FE19EB02C8321 /* Pods_KZ_RefreshScrollViewFramework.framework */ = {isa = PBXFileReference; explicitFileType = wrapper.framework; includeInIndex = 0; path = Pods_KZ_RefreshScrollViewFramework.framework; sourceTree = BUILT_PRODUCTS_DIR; };
		AE932F671F3E44E800247BF9 /* ScrollViewController.h */ = {isa = PBXFileReference; fileEncoding = 4; lastKnownFileType = sourcecode.c.h; path = ScrollViewController.h; sourceTree = "<group>"; };
		AE932F681F3E44E800247BF9 /* ScrollViewController.m */ = {isa = PBXFileReference; fileEncoding = 4; lastKnownFileType = sourcecode.c.objc; path = ScrollViewController.m; sourceTree = "<group>"; };
		AEF176CC1E0EBDFC003D041A /* KZ_RefreshScrollView.app */ = {isa = PBXFileReference; explicitFileType = wrapper.application; includeInIndex = 0; path = KZ_RefreshScrollView.app; sourceTree = BUILT_PRODUCTS_DIR; };
		AEF176D01E0EBDFC003D041A /* main.m */ = {isa = PBXFileReference; lastKnownFileType = sourcecode.c.objc; path = main.m; sourceTree = "<group>"; };
		AEF176D21E0EBDFC003D041A /* AppDelegate.h */ = {isa = PBXFileReference; lastKnownFileType = sourcecode.c.h; path = AppDelegate.h; sourceTree = "<group>"; };
		AEF176D31E0EBDFC003D041A /* AppDelegate.m */ = {isa = PBXFileReference; lastKnownFileType = sourcecode.c.objc; path = AppDelegate.m; sourceTree = "<group>"; };
		AEF176D51E0EBDFC003D041A /* ViewController.h */ = {isa = PBXFileReference; lastKnownFileType = sourcecode.c.h; path = ViewController.h; sourceTree = "<group>"; };
		AEF176D61E0EBDFC003D041A /* ViewController.m */ = {isa = PBXFileReference; lastKnownFileType = sourcecode.c.objc; path = ViewController.m; sourceTree = "<group>"; };
		AEF176D91E0EBDFC003D041A /* Base */ = {isa = PBXFileReference; lastKnownFileType = file.storyboard; name = Base; path = Base.lproj/Main.storyboard; sourceTree = "<group>"; };
		AEF176DB1E0EBDFC003D041A /* Assets.xcassets */ = {isa = PBXFileReference; lastKnownFileType = folder.assetcatalog; path = Assets.xcassets; sourceTree = "<group>"; };
		AEF176DE1E0EBDFC003D041A /* Base */ = {isa = PBXFileReference; lastKnownFileType = file.storyboard; name = Base; path = Base.lproj/LaunchScreen.storyboard; sourceTree = "<group>"; };
		AEF176E01E0EBDFC003D041A /* Info.plist */ = {isa = PBXFileReference; lastKnownFileType = text.plist.xml; path = Info.plist; sourceTree = "<group>"; };
		AEF177071E0EBF0E003D041A /* NormalTableViewController.h */ = {isa = PBXFileReference; fileEncoding = 4; lastKnownFileType = sourcecode.c.h; path = NormalTableViewController.h; sourceTree = "<group>"; };
		AEF177081E0EBF0E003D041A /* NormalTableViewController.m */ = {isa = PBXFileReference; fileEncoding = 4; lastKnownFileType = sourcecode.c.objc; path = NormalTableViewController.m; sourceTree = "<group>"; };
		AEF1770A1E0EBF2B003D041A /* CustomTableViewController.h */ = {isa = PBXFileReference; fileEncoding = 4; lastKnownFileType = sourcecode.c.h; path = CustomTableViewController.h; sourceTree = "<group>"; };
		AEF1770B1E0EBF2B003D041A /* CustomTableViewController.m */ = {isa = PBXFileReference; fileEncoding = 4; lastKnownFileType = sourcecode.c.objc; path = CustomTableViewController.m; sourceTree = "<group>"; };
		AEF1770D1E0EBF59003D041A /* WebRefreshViewController.h */ = {isa = PBXFileReference; fileEncoding = 4; lastKnownFileType = sourcecode.c.h; path = WebRefreshViewController.h; sourceTree = "<group>"; };
		AEF1770E1E0EBF59003D041A /* WebRefreshViewController.m */ = {isa = PBXFileReference; fileEncoding = 4; lastKnownFileType = sourcecode.c.objc; path = WebRefreshViewController.m; sourceTree = "<group>"; };
		AEF177101E0EBF74003D041A /* TableViewCustomLoadMoreView.h */ = {isa = PBXFileReference; fileEncoding = 4; lastKnownFileType = sourcecode.c.h; path = TableViewCustomLoadMoreView.h; sourceTree = "<group>"; };
		AEF177111E0EBF74003D041A /* TableViewCustomLoadMoreView.m */ = {isa = PBXFileReference; fileEncoding = 4; lastKnownFileType = sourcecode.c.objc; path = TableViewCustomLoadMoreView.m; sourceTree = "<group>"; };
		AEF177131E0EBF8F003D041A /* TableViewCustomRefreshView.h */ = {isa = PBXFileReference; fileEncoding = 4; lastKnownFileType = sourcecode.c.h; path = TableViewCustomRefreshView.h; sourceTree = "<group>"; };
		AEF177141E0EBF8F003D041A /* TableViewCustomRefreshView.m */ = {isa = PBXFileReference; fileEncoding = 4; lastKnownFileType = sourcecode.c.objc; path = TableViewCustomRefreshView.m; sourceTree = "<group>"; };
		AEF177161E0EC022003D041A /* CollectionRefreshViewController.h */ = {isa = PBXFileReference; fileEncoding = 4; lastKnownFileType = sourcecode.c.h; path = CollectionRefreshViewController.h; sourceTree = "<group>"; };
		AEF177171E0EC022003D041A /* CollectionRefreshViewController.m */ = {isa = PBXFileReference; fileEncoding = 4; lastKnownFileType = sourcecode.c.objc; path = CollectionRefreshViewController.m; sourceTree = "<group>"; };
		AEFCC1E01FCFE99E00CD8FB4 /* KZ_RefreshScrollViewBundle.bundle */ = {isa = PBXFileReference; lastKnownFileType = "wrapper.plug-in"; path = KZ_RefreshScrollViewBundle.bundle; sourceTree = "<group>"; };
		AEFCC1E11FCFE99E00CD8FB4 /* KZ_RefreshScrollViewFramework.framework */ = {isa = PBXFileReference; lastKnownFileType = wrapper.framework; path = KZ_RefreshScrollViewFramework.framework; sourceTree = "<group>"; };
		CB3834DBEF6C8A2580CC0B20 /* Pods-KZ_RefreshScrollViewFramework.release.xcconfig */ = {isa = PBXFileReference; includeInIndex = 1; lastKnownFileType = text.xcconfig; name = "Pods-KZ_RefreshScrollViewFramework.release.xcconfig"; path = "Pods/Target Support Files/Pods-KZ_RefreshScrollViewFramework/Pods-KZ_RefreshScrollViewFramework.release.xcconfig"; sourceTree = "<group>"; };
		F6B3D580BFEA6D36EE45E358 /* Pods-KZ_RefreshScrollView.release.xcconfig */ = {isa = PBXFileReference; includeInIndex = 1; lastKnownFileType = text.xcconfig; name = "Pods-KZ_RefreshScrollView.release.xcconfig"; path = "Pods/Target Support Files/Pods-KZ_RefreshScrollView/Pods-KZ_RefreshScrollView.release.xcconfig"; sourceTree = "<group>"; };
		F70840BFF50F0A73CDA65F26 /* Pods-KZ_RefreshScrollView.debug.xcconfig */ = {isa = PBXFileReference; includeInIndex = 1; lastKnownFileType = text.xcconfig; name = "Pods-KZ_RefreshScrollView.debug.xcconfig"; path = "Pods/Target Support Files/Pods-KZ_RefreshScrollView/Pods-KZ_RefreshScrollView.debug.xcconfig"; sourceTree = "<group>"; };
/* End PBXFileReference section */

/* Begin PBXFrameworksBuildPhase section */
		AEF176C91E0EBDFC003D041A /* Frameworks */ = {
			isa = PBXFrameworksBuildPhase;
			buildActionMask = 2147483647;
			files = (
				AEFCC1E31FCFE99E00CD8FB4 /* KZ_RefreshScrollViewFramework.framework in Frameworks */,
				A194D48BEC28D91A67BF8531 /* Pods_KZ_RefreshScrollView.framework in Frameworks */,
			);
			runOnlyForDeploymentPostprocessing = 0;
		};
/* End PBXFrameworksBuildPhase section */

/* Begin PBXGroup section */
		0C2F5F17DD30CFE86E4E373D /* Pods */ = {
			isa = PBXGroup;
			children = (
				F70840BFF50F0A73CDA65F26 /* Pods-KZ_RefreshScrollView.debug.xcconfig */,
				F6B3D580BFEA6D36EE45E358 /* Pods-KZ_RefreshScrollView.release.xcconfig */,
				0E3323F539EA67CCC6A9A87F /* Pods-KZ_RefreshScrollViewFramework.debug.xcconfig */,
				CB3834DBEF6C8A2580CC0B20 /* Pods-KZ_RefreshScrollViewFramework.release.xcconfig */,
			);
			name = Pods;
			sourceTree = "<group>";
		};
		76F0A47BD15C79A8C14A95A0 /* Frameworks */ = {
			isa = PBXGroup;
			children = (
				2C77D30EC1D28A70E4849E0C /* Pods_KZ_RefreshScrollView.framework */,
				8BBC4391152FE19EB02C8321 /* Pods_KZ_RefreshScrollViewFramework.framework */,
			);
			name = Frameworks;
			sourceTree = "<group>";
		};
		AEA5EC041FC2ADAB003D7BD1 /* RefreshScrollView */ = {
			isa = PBXGroup;
			children = (
				AEFCC1E01FCFE99E00CD8FB4 /* KZ_RefreshScrollViewBundle.bundle */,
				AEFCC1E11FCFE99E00CD8FB4 /* KZ_RefreshScrollViewFramework.framework */,
			);
			path = RefreshScrollView;
			sourceTree = "<group>";
		};
		AEF176C31E0EBDFC003D041A = {
			isa = PBXGroup;
			children = (
				AEF176CE1E0EBDFC003D041A /* KZ_RefreshScrollView */,
				AEF176CD1E0EBDFC003D041A /* Products */,
				0C2F5F17DD30CFE86E4E373D /* Pods */,
				76F0A47BD15C79A8C14A95A0 /* Frameworks */,
			);
			sourceTree = "<group>";
		};
		AEF176CD1E0EBDFC003D041A /* Products */ = {
			isa = PBXGroup;
			children = (
				AEF176CC1E0EBDFC003D041A /* KZ_RefreshScrollView.app */,
			);
			name = Products;
			sourceTree = "<group>";
		};
		AEF176CE1E0EBDFC003D041A /* KZ_RefreshScrollView */ = {
			isa = PBXGroup;
			children = (
				AEF176D21E0EBDFC003D041A /* AppDelegate.h */,
				AEF176D31E0EBDFC003D041A /* AppDelegate.m */,
				AEF176D51E0EBDFC003D041A /* ViewController.h */,
				AEF176D61E0EBDFC003D041A /* ViewController.m */,
				AEF177071E0EBF0E003D041A /* NormalTableViewController.h */,
				AEF177081E0EBF0E003D041A /* NormalTableViewController.m */,
				AEF1770A1E0EBF2B003D041A /* CustomTableViewController.h */,
				AEF1770B1E0EBF2B003D041A /* CustomTableViewController.m */,
				AEF177161E0EC022003D041A /* CollectionRefreshViewController.h */,
				AEF177171E0EC022003D041A /* CollectionRefreshViewController.m */,
				AEF1770D1E0EBF59003D041A /* WebRefreshViewController.h */,
				AEF1770E1E0EBF59003D041A /* WebRefreshViewController.m */,
				AE932F671F3E44E800247BF9 /* ScrollViewController.h */,
				AE932F681F3E44E800247BF9 /* ScrollViewController.m */,
				AEF177131E0EBF8F003D041A /* TableViewCustomRefreshView.h */,
				AEF177141E0EBF8F003D041A /* TableViewCustomRefreshView.m */,
				AEF177101E0EBF74003D041A /* TableViewCustomLoadMoreView.h */,
				AEF177111E0EBF74003D041A /* TableViewCustomLoadMoreView.m */,
				AEA5EC041FC2ADAB003D7BD1 /* RefreshScrollView */,
				AEF176D81E0EBDFC003D041A /* Main.storyboard */,
				AEF176DB1E0EBDFC003D041A /* Assets.xcassets */,
				AEF176DD1E0EBDFC003D041A /* LaunchScreen.storyboard */,
				AEF176E01E0EBDFC003D041A /* Info.plist */,
				AEF176CF1E0EBDFC003D041A /* Supporting Files */,
			);
			path = KZ_RefreshScrollView;
			sourceTree = "<group>";
		};
		AEF176CF1E0EBDFC003D041A /* Supporting Files */ = {
			isa = PBXGroup;
			children = (
				AEF176D01E0EBDFC003D041A /* main.m */,
			);
			name = "Supporting Files";
			sourceTree = "<group>";
		};
/* End PBXGroup section */

/* Begin PBXNativeTarget section */
		AEF176CB1E0EBDFC003D041A /* KZ_RefreshScrollView */ = {
			isa = PBXNativeTarget;
			buildConfigurationList = AEF176F91E0EBDFC003D041A /* Build configuration list for PBXNativeTarget "KZ_RefreshScrollView" */;
			buildPhases = (
				885E462C5B11A778900820C8 /* [CP] Check Pods Manifest.lock */,
				AEF176C81E0EBDFC003D041A /* Sources */,
				AEF176C91E0EBDFC003D041A /* Frameworks */,
				AEF176CA1E0EBDFC003D041A /* Resources */,
				843579558DB6A8F196F53BC6 /* [CP] Embed Pods Frameworks */,
				7AA5E47FBABE575F79C0F2E0 /* [CP] Copy Pods Resources */,
				AEDC10EE1FC1E55100752728 /* Embed Frameworks */,
			);
			buildRules = (
			);
			dependencies = (
			);
			name = KZ_RefreshScrollView;
			productName = KZ_RefreshScrollView;
			productReference = AEF176CC1E0EBDFC003D041A /* KZ_RefreshScrollView.app */;
			productType = "com.apple.product-type.application";
		};
/* End PBXNativeTarget section */

/* Begin PBXProject section */
		AEF176C41E0EBDFC003D041A /* Project object */ = {
			isa = PBXProject;
			attributes = {
				LastUpgradeCheck = 0900;
				ORGANIZATIONNAME = "Kieron Zhang";
				TargetAttributes = {
					AEF176CB1E0EBDFC003D041A = {
						CreatedOnToolsVersion = 8.2;
						DevelopmentTeam = TGTFTDLM8G;
						ProvisioningStyle = Automatic;
					};
				};
			};
			buildConfigurationList = AEF176C71E0EBDFC003D041A /* Build configuration list for PBXProject "KZ_RefreshScrollView" */;
			compatibilityVersion = "Xcode 3.2";
			developmentRegion = English;
			hasScannedForEncodings = 0;
			knownRegions = (
				en,
				Base,
			);
			mainGroup = AEF176C31E0EBDFC003D041A;
			productRefGroup = AEF176CD1E0EBDFC003D041A /* Products */;
			projectDirPath = "";
			projectRoot = "";
			targets = (
				AEF176CB1E0EBDFC003D041A /* KZ_RefreshScrollView */,
			);
		};
/* End PBXProject section */

/* Begin PBXResourcesBuildPhase section */
		AEF176CA1E0EBDFC003D041A /* Resources */ = {
			isa = PBXResourcesBuildPhase;
			buildActionMask = 2147483647;
			files = (
				AEFCC1E21FCFE99E00CD8FB4 /* KZ_RefreshScrollViewBundle.bundle in Resources */,
				AEF176DF1E0EBDFC003D041A /* LaunchScreen.storyboard in Resources */,
				AEF176DC1E0EBDFC003D041A /* Assets.xcassets in Resources */,
				AEF176DA1E0EBDFC003D041A /* Main.storyboard in Resources */,
			);
			runOnlyForDeploymentPostprocessing = 0;
		};
/* End PBXResourcesBuildPhase section */

/* Begin PBXShellScriptBuildPhase section */
		7AA5E47FBABE575F79C0F2E0 /* [CP] Copy Pods Resources */ = {
			isa = PBXShellScriptBuildPhase;
			buildActionMask = 2147483647;
			files = (
			);
			inputPaths = (
			);
			name = "[CP] Copy Pods Resources";
			outputPaths = (
			);
			runOnlyForDeploymentPostprocessing = 0;
			shellPath = /bin/sh;
			shellScript = "\"${SRCROOT}/Pods/Target Support Files/Pods-KZ_RefreshScrollView/Pods-KZ_RefreshScrollView-resources.sh\"\n";
			showEnvVarsInLog = 0;
		};
		843579558DB6A8F196F53BC6 /* [CP] Embed Pods Frameworks */ = {
			isa = PBXShellScriptBuildPhase;
			buildActionMask = 2147483647;
			files = (
			);
			inputPaths = (
				"${SRCROOT}/Pods/Target Support Files/Pods-KZ_RefreshScrollView/Pods-KZ_RefreshScrollView-frameworks.sh",
				"${BUILT_PRODUCTS_DIR}/KZ_Categories/KZ_Categories.framework",
			);
			name = "[CP] Embed Pods Frameworks";
			outputPaths = (
				"${TARGET_BUILD_DIR}/${FRAMEWORKS_FOLDER_PATH}/KZ_Categories.framework",
			);
			runOnlyForDeploymentPostprocessing = 0;
			shellPath = /bin/sh;
			shellScript = "\"${SRCROOT}/Pods/Target Support Files/Pods-KZ_RefreshScrollView/Pods-KZ_RefreshScrollView-frameworks.sh\"\n";
			showEnvVarsInLog = 0;
		};
		885E462C5B11A778900820C8 /* [CP] Check Pods Manifest.lock */ = {
			isa = PBXShellScriptBuildPhase;
			buildActionMask = 2147483647;
			files = (
			);
			inputPaths = (
				"${PODS_PODFILE_DIR_PATH}/Podfile.lock",
				"${PODS_ROOT}/Manifest.lock",
			);
			name = "[CP] Check Pods Manifest.lock";
			outputPaths = (
				"$(DERIVED_FILE_DIR)/Pods-KZ_RefreshScrollView-checkManifestLockResult.txt",
			);
			runOnlyForDeploymentPostprocessing = 0;
			shellPath = /bin/sh;
			shellScript = "diff \"${PODS_PODFILE_DIR_PATH}/Podfile.lock\" \"${PODS_ROOT}/Manifest.lock\" > /dev/null\nif [ $? != 0 ] ; then\n    # print error to STDERR\n    echo \"error: The sandbox is not in sync with the Podfile.lock. Run 'pod install' or update your CocoaPods installation.\" >&2\n    exit 1\nfi\n# This output is used by Xcode 'outputs' to avoid re-running this script phase.\necho \"SUCCESS\" > \"${SCRIPT_OUTPUT_FILE_0}\"\n";
			showEnvVarsInLog = 0;
		};
/* End PBXShellScriptBuildPhase section */

/* Begin PBXSourcesBuildPhase section */
		AEF176C81E0EBDFC003D041A /* Sources */ = {
			isa = PBXSourcesBuildPhase;
			buildActionMask = 2147483647;
			files = (
				AEF1770F1E0EBF59003D041A /* WebRefreshViewController.m in Sources */,
				AE932F691F3E44E800247BF9 /* ScrollViewController.m in Sources */,
				AEF176D71E0EBDFC003D041A /* ViewController.m in Sources */,
				AEF176D41E0EBDFC003D041A /* AppDelegate.m in Sources */,
				AEF177091E0EBF0E003D041A /* NormalTableViewController.m in Sources */,
				AEF177181E0EC022003D041A /* CollectionRefreshViewController.m in Sources */,
				AEF177121E0EBF74003D041A /* TableViewCustomLoadMoreView.m in Sources */,
				AEF177151E0EBF8F003D041A /* TableViewCustomRefreshView.m in Sources */,
				AEF1770C1E0EBF2B003D041A /* CustomTableViewController.m in Sources */,
				AEF176D11E0EBDFC003D041A /* main.m in Sources */,
			);
			runOnlyForDeploymentPostprocessing = 0;
		};
/* End PBXSourcesBuildPhase section */

/* Begin PBXVariantGroup section */
		AEF176D81E0EBDFC003D041A /* Main.storyboard */ = {
			isa = PBXVariantGroup;
			children = (
				AEF176D91E0EBDFC003D041A /* Base */,
			);
			name = Main.storyboard;
			sourceTree = "<group>";
		};
		AEF176DD1E0EBDFC003D041A /* LaunchScreen.storyboard */ = {
			isa = PBXVariantGroup;
			children = (
				AEF176DE1E0EBDFC003D041A /* Base */,
			);
			name = LaunchScreen.storyboard;
			sourceTree = "<group>";
		};
/* End PBXVariantGroup section */

/* Begin XCBuildConfiguration section */
		AEF176F71E0EBDFC003D041A /* Debug */ = {
			isa = XCBuildConfiguration;
			buildSettings = {
				ALWAYS_SEARCH_USER_PATHS = NO;
				CLANG_ANALYZER_NONNULL = YES;
				CLANG_CXX_LANGUAGE_STANDARD = "gnu++0x";
				CLANG_CXX_LIBRARY = "libc++";
				CLANG_ENABLE_MODULES = YES;
				CLANG_ENABLE_OBJC_ARC = YES;
				CLANG_WARN_BLOCK_CAPTURE_AUTORELEASING = YES;
				CLANG_WARN_BOOL_CONVERSION = YES;
				CLANG_WARN_COMMA = YES;
				CLANG_WARN_CONSTANT_CONVERSION = YES;
				CLANG_WARN_DIRECT_OBJC_ISA_USAGE = YES_ERROR;
				CLANG_WARN_DOCUMENTATION_COMMENTS = YES;
				CLANG_WARN_EMPTY_BODY = YES;
				CLANG_WARN_ENUM_CONVERSION = YES;
				CLANG_WARN_INFINITE_RECURSION = YES;
				CLANG_WARN_INT_CONVERSION = YES;
				CLANG_WARN_NON_LITERAL_NULL_CONVERSION = YES;
				CLANG_WARN_OBJC_LITERAL_CONVERSION = YES;
				CLANG_WARN_OBJC_ROOT_CLASS = YES_ERROR;
				CLANG_WARN_RANGE_LOOP_ANALYSIS = YES;
				CLANG_WARN_STRICT_PROTOTYPES = YES;
				CLANG_WARN_SUSPICIOUS_MOVE = YES;
				CLANG_WARN_UNREACHABLE_CODE = YES;
				CLANG_WARN__DUPLICATE_METHOD_MATCH = YES;
				"CODE_SIGN_IDENTITY[sdk=iphoneos*]" = "iPhone Developer";
				COPY_PHASE_STRIP = NO;
				DEBUG_INFORMATION_FORMAT = dwarf;
				ENABLE_STRICT_OBJC_MSGSEND = YES;
				ENABLE_TESTABILITY = YES;
				GCC_C_LANGUAGE_STANDARD = gnu99;
				GCC_DYNAMIC_NO_PIC = NO;
				GCC_NO_COMMON_BLOCKS = YES;
				GCC_OPTIMIZATION_LEVEL = 0;
				GCC_PREPROCESSOR_DEFINITIONS = (
					"DEBUG=1",
					"$(inherited)",
				);
				GCC_WARN_64_TO_32_BIT_CONVERSION = YES;
				GCC_WARN_ABOUT_RETURN_TYPE = YES_ERROR;
				GCC_WARN_UNDECLARED_SELECTOR = YES;
				GCC_WARN_UNINITIALIZED_AUTOS = YES_AGGRESSIVE;
				GCC_WARN_UNUSED_FUNCTION = YES;
				GCC_WARN_UNUSED_VARIABLE = YES;
				IPHONEOS_DEPLOYMENT_TARGET = 10.2;
				MTL_ENABLE_DEBUG_INFO = YES;
				ONLY_ACTIVE_ARCH = YES;
				SDKROOT = iphoneos;
				TARGETED_DEVICE_FAMILY = "1,2";
			};
			name = Debug;
		};
		AEF176F81E0EBDFC003D041A /* Release */ = {
			isa = XCBuildConfiguration;
			buildSettings = {
				ALWAYS_SEARCH_USER_PATHS = NO;
				CLANG_ANALYZER_NONNULL = YES;
				CLANG_CXX_LANGUAGE_STANDARD = "gnu++0x";
				CLANG_CXX_LIBRARY = "libc++";
				CLANG_ENABLE_MODULES = YES;
				CLANG_ENABLE_OBJC_ARC = YES;
				CLANG_WARN_BLOCK_CAPTURE_AUTORELEASING = YES;
				CLANG_WARN_BOOL_CONVERSION = YES;
				CLANG_WARN_COMMA = YES;
				CLANG_WARN_CONSTANT_CONVERSION = YES;
				CLANG_WARN_DIRECT_OBJC_ISA_USAGE = YES_ERROR;
				CLANG_WARN_DOCUMENTATION_COMMENTS = YES;
				CLANG_WARN_EMPTY_BODY = YES;
				CLANG_WARN_ENUM_CONVERSION = YES;
				CLANG_WARN_INFINITE_RECURSION = YES;
				CLANG_WARN_INT_CONVERSION = YES;
				CLANG_WARN_NON_LITERAL_NULL_CONVERSION = YES;
				CLANG_WARN_OBJC_LITERAL_CONVERSION = YES;
				CLANG_WARN_OBJC_ROOT_CLASS = YES_ERROR;
				CLANG_WARN_RANGE_LOOP_ANALYSIS = YES;
				CLANG_WARN_STRICT_PROTOTYPES = YES;
				CLANG_WARN_SUSPICIOUS_MOVE = YES;
				CLANG_WARN_UNREACHABLE_CODE = YES;
				CLANG_WARN__DUPLICATE_METHOD_MATCH = YES;
				"CODE_SIGN_IDENTITY[sdk=iphoneos*]" = "iPhone Developer";
				COPY_PHASE_STRIP = NO;
				DEBUG_INFORMATION_FORMAT = "dwarf-with-dsym";
				ENABLE_NS_ASSERTIONS = NO;
				ENABLE_STRICT_OBJC_MSGSEND = YES;
				GCC_C_LANGUAGE_STANDARD = gnu99;
				GCC_NO_COMMON_BLOCKS = YES;
				GCC_WARN_64_TO_32_BIT_CONVERSION = YES;
				GCC_WARN_ABOUT_RETURN_TYPE = YES_ERROR;
				GCC_WARN_UNDECLARED_SELECTOR = YES;
				GCC_WARN_UNINITIALIZED_AUTOS = YES_AGGRESSIVE;
				GCC_WARN_UNUSED_FUNCTION = YES;
				GCC_WARN_UNUSED_VARIABLE = YES;
				IPHONEOS_DEPLOYMENT_TARGET = 10.2;
				MTL_ENABLE_DEBUG_INFO = NO;
				SDKROOT = iphoneos;
				TARGETED_DEVICE_FAMILY = "1,2";
				VALIDATE_PRODUCT = YES;
			};
			name = Release;
		};
		AEF176FA1E0EBDFC003D041A /* Debug */ = {
			isa = XCBuildConfiguration;
			baseConfigurationReference = F70840BFF50F0A73CDA65F26 /* Pods-KZ_RefreshScrollView.debug.xcconfig */;
			buildSettings = {
				ASSETCATALOG_COMPILER_APPICON_NAME = AppIcon;
				ASSETCATALOG_COMPILER_LAUNCHIMAGE_NAME = LaunchImage;
				CODE_SIGN_IDENTITY = "iPhone Developer";
				DEVELOPMENT_TEAM = TGTFTDLM8G;
				FRAMEWORK_SEARCH_PATHS = (
					"$(inherited)",
					"$(PROJECT_DIR)/KZ_RefreshScrollView/RefreshScrollView",
				);
				INFOPLIST_FILE = KZ_RefreshScrollView/Info.plist;
				IPHONEOS_DEPLOYMENT_TARGET = 8.0;
				LD_RUNPATH_SEARCH_PATHS = "$(inherited) @executable_path/Frameworks";
				OTHER_LDFLAGS = "$(inherited)";
				PRODUCT_BUNDLE_IDENTIFIER = com.kieronzhang.RefreshScrollView;
				PRODUCT_NAME = "$(TARGET_NAME)";
				TARGETED_DEVICE_FAMILY = 1;
			};
			name = Debug;
		};
		AEF176FB1E0EBDFC003D041A /* Release */ = {
			isa = XCBuildConfiguration;
			baseConfigurationReference = F6B3D580BFEA6D36EE45E358 /* Pods-KZ_RefreshScrollView.release.xcconfig */;
			buildSettings = {
				ASSETCATALOG_COMPILER_APPICON_NAME = AppIcon;
				ASSETCATALOG_COMPILER_LAUNCHIMAGE_NAME = LaunchImage;
				CODE_SIGN_IDENTITY = "iPhone Developer";
				DEVELOPMENT_TEAM = TGTFTDLM8G;
				FRAMEWORK_SEARCH_PATHS = (
					"$(inherited)",
					"$(PROJECT_DIR)/KZ_RefreshScrollView/RefreshScrollView",
				);
				INFOPLIST_FILE = KZ_RefreshScrollView/Info.plist;
				IPHONEOS_DEPLOYMENT_TARGET = 8.0;
				LD_RUNPATH_SEARCH_PATHS = "$(inherited) @executable_path/Frameworks";
				OTHER_LDFLAGS = "$(inherited)";
				PRODUCT_BUNDLE_IDENTIFIER = com.kieronzhang.RefreshScrollView;
				PRODUCT_NAME = "$(TARGET_NAME)";
				TARGETED_DEVICE_FAMILY = 1;
			};
			name = Release;
		};
/* End XCBuildConfiguration section */

/* Begin XCConfigurationList section */
		AEF176C71E0EBDFC003D041A /* Build configuration list for PBXProject "KZ_RefreshScrollView" */ = {
			isa = XCConfigurationList;
			buildConfigurations = (
				AEF176F71E0EBDFC003D041A /* Debug */,
				AEF176F81E0EBDFC003D041A /* Release */,
			);
			defaultConfigurationIsVisible = 0;
			defaultConfigurationName = Release;
		};
		AEF176F91E0EBDFC003D041A /* Build configuration list for PBXNativeTarget "KZ_RefreshScrollView" */ = {
			isa = XCConfigurationList;
			buildConfigurations = (
				AEF176FA1E0EBDFC003D041A /* Debug */,
				AEF176FB1E0EBDFC003D041A /* Release */,
			);
			defaultConfigurationIsVisible = 0;
			defaultConfigurationName = Release;
		};
/* End XCConfigurationList section */
	};
	rootObject = AEF176C41E0EBDFC003D041A /* Project object */;
}
