// !$*UTF8*$!
{
	archiveVersion = 1;
	classes = {
	};
	objectVersion = 46;
	objects = {

/* Begin PBXBuildFile section */
		7422EFE4433D8AE893237F51 /* Pods_KZ_RefreshScrollView_iOS.framework in Frameworks */ = {isa = PBXBuildFile; fileRef = 74457F4D01736A0F7581CEDD /* Pods_KZ_RefreshScrollView_iOS.framework */; };
		AEC61D8220998F4700DFC8B9 /* AppDelegate.m in Sources */ = {isa = PBXBuildFile; fileRef = AEC61D8120998F4700DFC8B9 /* AppDelegate.m */; };
		AEC61D8520998F4700DFC8B9 /* ViewController.m in Sources */ = {isa = PBXBuildFile; fileRef = AEC61D8420998F4700DFC8B9 /* ViewController.m */; };
		AEC61D8820998F4700DFC8B9 /* Main.storyboard in Resources */ = {isa = PBXBuildFile; fileRef = AEC61D8620998F4700DFC8B9 /* Main.storyboard */; };
		AEC61D8A20998F4800DFC8B9 /* Assets.xcassets in Resources */ = {isa = PBXBuildFile; fileRef = AEC61D8920998F4800DFC8B9 /* Assets.xcassets */; };
		AEC61D8D20998F4800DFC8B9 /* LaunchScreen.storyboard in Resources */ = {isa = PBXBuildFile; fileRef = AEC61D8B20998F4800DFC8B9 /* LaunchScreen.storyboard */; };
		AEC61D9020998F4800DFC8B9 /* main.m in Sources */ = {isa = PBXBuildFile; fileRef = AEC61D8F20998F4800DFC8B9 /* main.m */; };
		AEC61D9E20998FC100DFC8B9 /* NormalTableViewController.m in Sources */ = {isa = PBXBuildFile; fileRef = AEC61D9520998FC000DFC8B9 /* NormalTableViewController.m */; };
		AEC61D9F20998FC100DFC8B9 /* TableViewCustomRefreshView.m in Sources */ = {isa = PBXBuildFile; fileRef = AEC61D9620998FC000DFC8B9 /* TableViewCustomRefreshView.m */; };
		AEC61DA020998FC100DFC8B9 /* ScrollViewController.m in Sources */ = {isa = PBXBuildFile; fileRef = AEC61D9820998FC000DFC8B9 /* ScrollViewController.m */; };
		AEC61DA120998FC100DFC8B9 /* WebRefreshViewController.m in Sources */ = {isa = PBXBuildFile; fileRef = AEC61D9920998FC000DFC8B9 /* WebRefreshViewController.m */; };
		AEC61DA220998FC100DFC8B9 /* TableViewCustomLoadMoreView.m in Sources */ = {isa = PBXBuildFile; fileRef = AEC61D9D20998FC100DFC8B9 /* TableViewCustomLoadMoreView.m */; };
		AEC61DA72099901900DFC8B9 /* CustomTableViewController.m in Sources */ = {isa = PBXBuildFile; fileRef = AEC61DA42099901900DFC8B9 /* CustomTableViewController.m */; };
		AEC61DA82099901900DFC8B9 /* CollectionRefreshViewController.m in Sources */ = {isa = PBXBuildFile; fileRef = AEC61DA52099901900DFC8B9 /* CollectionRefreshViewController.m */; };
		AEC61DB0209990D400DFC8B9 /* KZ_RefreshScrollView_iOS.framework in Frameworks */ = {isa = PBXBuildFile; fileRef = AEC61DAE209990D300DFC8B9 /* KZ_RefreshScrollView_iOS.framework */; };
		AEC61DB1209990D400DFC8B9 /* KZ_RefreshScrollView_Bundle.bundle in Resources */ = {isa = PBXBuildFile; fileRef = AEC61DAF209990D300DFC8B9 /* KZ_RefreshScrollView_Bundle.bundle */; };
/* End PBXBuildFile section */

/* Begin PBXFileReference section */
		0E3323F539EA67CCC6A9A87F /* Pods-KZ_RefreshScrollViewFramework.debug.xcconfig */ = {isa = PBXFileReference; includeInIndex = 1; lastKnownFileType = text.xcconfig; name = "Pods-KZ_RefreshScrollViewFramework.debug.xcconfig"; path = "Pods/Target Support Files/Pods-KZ_RefreshScrollViewFramework/Pods-KZ_RefreshScrollViewFramework.debug.xcconfig"; sourceTree = "<group>"; };
		2C77D30EC1D28A70E4849E0C /* Pods_KZ_RefreshScrollView.framework */ = {isa = PBXFileReference; explicitFileType = wrapper.framework; includeInIndex = 0; path = Pods_KZ_RefreshScrollView.framework; sourceTree = BUILT_PRODUCTS_DIR; };
		6C0BD456B6A3CC2BAA1531FF /* Pods-KZ_RefreshScrollView_iOS.debug.xcconfig */ = {isa = PBXFileReference; includeInIndex = 1; lastKnownFileType = text.xcconfig; name = "Pods-KZ_RefreshScrollView_iOS.debug.xcconfig"; path = "Pods/Target Support Files/Pods-KZ_RefreshScrollView_iOS/Pods-KZ_RefreshScrollView_iOS.debug.xcconfig"; sourceTree = "<group>"; };
		6F72EE4DA894A1498F6174BC /* Pods-KZ_RefreshScrollView_iOS.release.xcconfig */ = {isa = PBXFileReference; includeInIndex = 1; lastKnownFileType = text.xcconfig; name = "Pods-KZ_RefreshScrollView_iOS.release.xcconfig"; path = "Pods/Target Support Files/Pods-KZ_RefreshScrollView_iOS/Pods-KZ_RefreshScrollView_iOS.release.xcconfig"; sourceTree = "<group>"; };
		74457F4D01736A0F7581CEDD /* Pods_KZ_RefreshScrollView_iOS.framework */ = {isa = PBXFileReference; explicitFileType = wrapper.framework; includeInIndex = 0; path = Pods_KZ_RefreshScrollView_iOS.framework; sourceTree = BUILT_PRODUCTS_DIR; };
		8BBC4391152FE19EB02C8321 /* Pods_KZ_RefreshScrollViewFramework.framework */ = {isa = PBXFileReference; explicitFileType = wrapper.framework; includeInIndex = 0; path = Pods_KZ_RefreshScrollViewFramework.framework; sourceTree = BUILT_PRODUCTS_DIR; };
		AEC61D7E20998F4700DFC8B9 /* KZ_RefreshScrollView_iOS.app */ = {isa = PBXFileReference; explicitFileType = wrapper.application; includeInIndex = 0; path = KZ_RefreshScrollView_iOS.app; sourceTree = BUILT_PRODUCTS_DIR; };
		AEC61D8020998F4700DFC8B9 /* AppDelegate.h */ = {isa = PBXFileReference; lastKnownFileType = sourcecode.c.h; path = AppDelegate.h; sourceTree = "<group>"; };
		AEC61D8120998F4700DFC8B9 /* AppDelegate.m */ = {isa = PBXFileReference; lastKnownFileType = sourcecode.c.objc; path = AppDelegate.m; sourceTree = "<group>"; };
		AEC61D8320998F4700DFC8B9 /* ViewController.h */ = {isa = PBXFileReference; lastKnownFileType = sourcecode.c.h; path = ViewController.h; sourceTree = "<group>"; };
		AEC61D8420998F4700DFC8B9 /* ViewController.m */ = {isa = PBXFileReference; lastKnownFileType = sourcecode.c.objc; path = ViewController.m; sourceTree = "<group>"; };
		AEC61D8720998F4700DFC8B9 /* Base */ = {isa = PBXFileReference; lastKnownFileType = file.storyboard; name = Base; path = Base.lproj/Main.storyboard; sourceTree = "<group>"; };
		AEC61D8920998F4800DFC8B9 /* Assets.xcassets */ = {isa = PBXFileReference; lastKnownFileType = folder.assetcatalog; path = Assets.xcassets; sourceTree = "<group>"; };
		AEC61D8C20998F4800DFC8B9 /* Base */ = {isa = PBXFileReference; lastKnownFileType = file.storyboard; name = Base; path = Base.lproj/LaunchScreen.storyboard; sourceTree = "<group>"; };
		AEC61D8E20998F4800DFC8B9 /* Info.plist */ = {isa = PBXFileReference; lastKnownFileType = text.plist.xml; path = Info.plist; sourceTree = "<group>"; };
		AEC61D8F20998F4800DFC8B9 /* main.m */ = {isa = PBXFileReference; lastKnownFileType = sourcecode.c.objc; path = main.m; sourceTree = "<group>"; };
		AEC61D9420998FC000DFC8B9 /* NormalTableViewController.h */ = {isa = PBXFileReference; fileEncoding = 4; lastKnownFileType = sourcecode.c.h; path = NormalTableViewController.h; sourceTree = "<group>"; };
		AEC61D9520998FC000DFC8B9 /* NormalTableViewController.m */ = {isa = PBXFileReference; fileEncoding = 4; lastKnownFileType = sourcecode.c.objc; path = NormalTableViewController.m; sourceTree = "<group>"; };
		AEC61D9620998FC000DFC8B9 /* TableViewCustomRefreshView.m */ = {isa = PBXFileReference; fileEncoding = 4; lastKnownFileType = sourcecode.c.objc; path = TableViewCustomRefreshView.m; sourceTree = "<group>"; };
		AEC61D9720998FC000DFC8B9 /* WebRefreshViewController.h */ = {isa = PBXFileReference; fileEncoding = 4; lastKnownFileType = sourcecode.c.h; path = WebRefreshViewController.h; sourceTree = "<group>"; };
		AEC61D9820998FC000DFC8B9 /* ScrollViewController.m */ = {isa = PBXFileReference; fileEncoding = 4; lastKnownFileType = sourcecode.c.objc; path = ScrollViewController.m; sourceTree = "<group>"; };
		AEC61D9920998FC000DFC8B9 /* WebRefreshViewController.m */ = {isa = PBXFileReference; fileEncoding = 4; lastKnownFileType = sourcecode.c.objc; path = WebRefreshViewController.m; sourceTree = "<group>"; };
		AEC61D9A20998FC000DFC8B9 /* ScrollViewController.h */ = {isa = PBXFileReference; fileEncoding = 4; lastKnownFileType = sourcecode.c.h; path = ScrollViewController.h; sourceTree = "<group>"; };
		AEC61D9B20998FC100DFC8B9 /* TableViewCustomLoadMoreView.h */ = {isa = PBXFileReference; fileEncoding = 4; lastKnownFileType = sourcecode.c.h; path = TableViewCustomLoadMoreView.h; sourceTree = "<group>"; };
		AEC61D9C20998FC100DFC8B9 /* TableViewCustomRefreshView.h */ = {isa = PBXFileReference; fileEncoding = 4; lastKnownFileType = sourcecode.c.h; path = TableViewCustomRefreshView.h; sourceTree = "<group>"; };
		AEC61D9D20998FC100DFC8B9 /* TableViewCustomLoadMoreView.m */ = {isa = PBXFileReference; fileEncoding = 4; lastKnownFileType = sourcecode.c.objc; path = TableViewCustomLoadMoreView.m; sourceTree = "<group>"; };
		AEC61DA32099901900DFC8B9 /* CollectionRefreshViewController.h */ = {isa = PBXFileReference; fileEncoding = 4; lastKnownFileType = sourcecode.c.h; path = CollectionRefreshViewController.h; sourceTree = "<group>"; };
		AEC61DA42099901900DFC8B9 /* CustomTableViewController.m */ = {isa = PBXFileReference; fileEncoding = 4; lastKnownFileType = sourcecode.c.objc; path = CustomTableViewController.m; sourceTree = "<group>"; };
		AEC61DA52099901900DFC8B9 /* CollectionRefreshViewController.m */ = {isa = PBXFileReference; fileEncoding = 4; lastKnownFileType = sourcecode.c.objc; path = CollectionRefreshViewController.m; sourceTree = "<group>"; };
		AEC61DA62099901900DFC8B9 /* CustomTableViewController.h */ = {isa = PBXFileReference; fileEncoding = 4; lastKnownFileType = sourcecode.c.h; path = CustomTableViewController.h; sourceTree = "<group>"; };
		AEC61DAE209990D300DFC8B9 /* KZ_RefreshScrollView_iOS.framework */ = {isa = PBXFileReference; lastKnownFileType = wrapper.framework; path = KZ_RefreshScrollView_iOS.framework; sourceTree = "<group>"; };
		AEC61DAF209990D300DFC8B9 /* KZ_RefreshScrollView_Bundle.bundle */ = {isa = PBXFileReference; lastKnownFileType = "wrapper.plug-in"; path = KZ_RefreshScrollView_Bundle.bundle; sourceTree = "<group>"; };
		CB3834DBEF6C8A2580CC0B20 /* Pods-KZ_RefreshScrollViewFramework.release.xcconfig */ = {isa = PBXFileReference; includeInIndex = 1; lastKnownFileType = text.xcconfig; name = "Pods-KZ_RefreshScrollViewFramework.release.xcconfig"; path = "Pods/Target Support Files/Pods-KZ_RefreshScrollViewFramework/Pods-KZ_RefreshScrollViewFramework.release.xcconfig"; sourceTree = "<group>"; };
		F6B3D580BFEA6D36EE45E358 /* Pods-KZ_RefreshScrollView.release.xcconfig */ = {isa = PBXFileReference; includeInIndex = 1; lastKnownFileType = text.xcconfig; name = "Pods-KZ_RefreshScrollView.release.xcconfig"; path = "Pods/Target Support Files/Pods-KZ_RefreshScrollView/Pods-KZ_RefreshScrollView.release.xcconfig"; sourceTree = "<group>"; };
		F70840BFF50F0A73CDA65F26 /* Pods-KZ_RefreshScrollView.debug.xcconfig */ = {isa = PBXFileReference; includeInIndex = 1; lastKnownFileType = text.xcconfig; name = "Pods-KZ_RefreshScrollView.debug.xcconfig"; path = "Pods/Target Support Files/Pods-KZ_RefreshScrollView/Pods-KZ_RefreshScrollView.debug.xcconfig"; sourceTree = "<group>"; };
/* End PBXFileReference section */

/* Begin PBXFrameworksBuildPhase section */
		AEC61D7B20998F4700DFC8B9 /* Frameworks */ = {
			isa = PBXFrameworksBuildPhase;
			buildActionMask = 2147483647;
			files = (
				AEC61DB0209990D400DFC8B9 /* KZ_RefreshScrollView_iOS.framework in Frameworks */,
				7422EFE4433D8AE893237F51 /* Pods_KZ_RefreshScrollView_iOS.framework in Frameworks */,
			);
			runOnlyForDeploymentPostprocessing = 0;
		};
/* End PBXFrameworksBuildPhase section */

/* Begin PBXGroup section */
		0C2F5F17DD30CFE86E4E373D /* Pods */ = {
			isa = PBXGroup;
			children = (
				F70840BFF50F0A73CDA65F26 /* Pods-KZ_RefreshScrollView.debug.xcconfig */,
				F6B3D580BFEA6D36EE45E358 /* Pods-KZ_RefreshScrollView.release.xcconfig */,
				0E3323F539EA67CCC6A9A87F /* Pods-KZ_RefreshScrollViewFramework.debug.xcconfig */,
				CB3834DBEF6C8A2580CC0B20 /* Pods-KZ_RefreshScrollViewFramework.release.xcconfig */,
				6C0BD456B6A3CC2BAA1531FF /* Pods-KZ_RefreshScrollView_iOS.debug.xcconfig */,
				6F72EE4DA894A1498F6174BC /* Pods-KZ_RefreshScrollView_iOS.release.xcconfig */,
			);
			name = Pods;
			sourceTree = "<group>";
		};
		76F0A47BD15C79A8C14A95A0 /* Frameworks */ = {
			isa = PBXGroup;
			children = (
				2C77D30EC1D28A70E4849E0C /* Pods_KZ_RefreshScrollView.framework */,
				8BBC4391152FE19EB02C8321 /* Pods_KZ_RefreshScrollViewFramework.framework */,
				74457F4D01736A0F7581CEDD /* Pods_KZ_RefreshScrollView_iOS.framework */,
			);
			name = Frameworks;
			sourceTree = "<group>";
		};
		AEC61D7F20998F4700DFC8B9 /* KZ_RefreshScrollView_iOS */ = {
			isa = PBXGroup;
			children = (
				AEC61D8020998F4700DFC8B9 /* AppDelegate.h */,
				AEC61D8120998F4700DFC8B9 /* AppDelegate.m */,
				AEC61D8320998F4700DFC8B9 /* ViewController.h */,
				AEC61D8420998F4700DFC8B9 /* ViewController.m */,
				AEC61D9420998FC000DFC8B9 /* NormalTableViewController.h */,
				AEC61D9520998FC000DFC8B9 /* NormalTableViewController.m */,
				AEC61DA62099901900DFC8B9 /* CustomTableViewController.h */,
				AEC61DA42099901900DFC8B9 /* CustomTableViewController.m */,
				AEC61DA32099901900DFC8B9 /* CollectionRefreshViewController.h */,
				AEC61DA52099901900DFC8B9 /* CollectionRefreshViewController.m */,
				AEC61D9720998FC000DFC8B9 /* WebRefreshViewController.h */,
				AEC61D9920998FC000DFC8B9 /* WebRefreshViewController.m */,
				AEC61D9A20998FC000DFC8B9 /* ScrollViewController.h */,
				AEC61D9820998FC000DFC8B9 /* ScrollViewController.m */,
				AEC61D9C20998FC100DFC8B9 /* TableViewCustomRefreshView.h */,
				AEC61D9620998FC000DFC8B9 /* TableViewCustomRefreshView.m */,
				AEC61D9B20998FC100DFC8B9 /* TableViewCustomLoadMoreView.h */,
				AEC61D9D20998FC100DFC8B9 /* TableViewCustomLoadMoreView.m */,
				AEC61DA9209990C700DFC8B9 /* RefreshScrollView */,
				AEC61D8620998F4700DFC8B9 /* Main.storyboard */,
				AEC61D8920998F4800DFC8B9 /* Assets.xcassets */,
				AEC61D8B20998F4800DFC8B9 /* LaunchScreen.storyboard */,
				AEC61D8E20998F4800DFC8B9 /* Info.plist */,
				AEC61D8F20998F4800DFC8B9 /* main.m */,
			);
			path = KZ_RefreshScrollView_iOS;
			sourceTree = "<group>";
		};
		AEC61DA9209990C700DFC8B9 /* RefreshScrollView */ = {
			isa = PBXGroup;
			children = (
				AEC61DAF209990D300DFC8B9 /* KZ_RefreshScrollView_Bundle.bundle */,
				AEC61DAE209990D300DFC8B9 /* KZ_RefreshScrollView_iOS.framework */,
			);
			path = RefreshScrollView;
			sourceTree = "<group>";
		};
		AEF176C31E0EBDFC003D041A = {
			isa = PBXGroup;
			children = (
				AEC61D7F20998F4700DFC8B9 /* KZ_RefreshScrollView_iOS */,
				AEF176CD1E0EBDFC003D041A /* Products */,
				0C2F5F17DD30CFE86E4E373D /* Pods */,
				76F0A47BD15C79A8C14A95A0 /* Frameworks */,
			);
			sourceTree = "<group>";
		};
		AEF176CD1E0EBDFC003D041A /* Products */ = {
			isa = PBXGroup;
			children = (
				AEC61D7E20998F4700DFC8B9 /* KZ_RefreshScrollView_iOS.app */,
			);
			name = Products;
			sourceTree = "<group>";
		};
/* End PBXGroup section */

/* Begin PBXNativeTarget section */
		AEC61D7D20998F4700DFC8B9 /* KZ_RefreshScrollView_iOS */ = {
			isa = PBXNativeTarget;
			buildConfigurationList = AEC61D9120998F4800DFC8B9 /* Build configuration list for PBXNativeTarget "KZ_RefreshScrollView_iOS" */;
			buildPhases = (
				D3644889FA4CDDC1A4BFE218 /* [CP] Check Pods Manifest.lock */,
				AEC61D7A20998F4700DFC8B9 /* Sources */,
				AEC61D7B20998F4700DFC8B9 /* Frameworks */,
				AEC61D7C20998F4700DFC8B9 /* Resources */,
			);
			buildRules = (
			);
			dependencies = (
			);
			name = KZ_RefreshScrollView_iOS;
			productName = KZ_RefreshScrollView_iOS;
			productReference = AEC61D7E20998F4700DFC8B9 /* KZ_RefreshScrollView_iOS.app */;
			productType = "com.apple.product-type.application";
		};
/* End PBXNativeTarget section */

/* Begin PBXProject section */
		AEF176C41E0EBDFC003D041A /* Project object */ = {
			isa = PBXProject;
			attributes = {
				LastUpgradeCheck = 0930;
				ORGANIZATIONNAME = "Kieron Zhang";
				TargetAttributes = {
					AEC61D7D20998F4700DFC8B9 = {
						CreatedOnToolsVersion = 9.3;
						DevelopmentTeam = TGTFTDLM8G;
						ProvisioningStyle = Automatic;
					};
				};
			};
			buildConfigurationList = AEF176C71E0EBDFC003D041A /* Build configuration list for PBXProject "KZ_RefreshScrollView" */;
			compatibilityVersion = "Xcode 3.2";
			developmentRegion = English;
			hasScannedForEncodings = 0;
			knownRegions = (
				en,
				Base,
			);
			mainGroup = AEF176C31E0EBDFC003D041A;
			productRefGroup = AEF176CD1E0EBDFC003D041A /* Products */;
			projectDirPath = "";
			projectRoot = "";
			targets = (
				AEC61D7D20998F4700DFC8B9 /* KZ_RefreshScrollView_iOS */,
			);
		};
/* End PBXProject section */

/* Begin PBXResourcesBuildPhase section */
		AEC61D7C20998F4700DFC8B9 /* Resources */ = {
			isa = PBXResourcesBuildPhase;
			buildActionMask = 2147483647;
			files = (
				AEC61DB1209990D400DFC8B9 /* KZ_RefreshScrollView_Bundle.bundle in Resources */,
				AEC61D8D20998F4800DFC8B9 /* LaunchScreen.storyboard in Resources */,
				AEC61D8A20998F4800DFC8B9 /* Assets.xcassets in Resources */,
				AEC61D8820998F4700DFC8B9 /* Main.storyboard in Resources */,
			);
			runOnlyForDeploymentPostprocessing = 0;
		};
/* End PBXResourcesBuildPhase section */

/* Begin PBXShellScriptBuildPhase section */
		D3644889FA4CDDC1A4BFE218 /* [CP] Check Pods Manifest.lock */ = {
			isa = PBXShellScriptBuildPhase;
			buildActionMask = 2147483647;
			files = (
			);
			inputPaths = (
				"${PODS_PODFILE_DIR_PATH}/Podfile.lock",
				"${PODS_ROOT}/Manifest.lock",
			);
			name = "[CP] Check Pods Manifest.lock";
			outputPaths = (
				"$(DERIVED_FILE_DIR)/Pods-KZ_RefreshScrollView_iOS-checkManifestLockResult.txt",
			);
			runOnlyForDeploymentPostprocessing = 0;
			shellPath = /bin/sh;
			shellScript = "diff \"${PODS_PODFILE_DIR_PATH}/Podfile.lock\" \"${PODS_ROOT}/Manifest.lock\" > /dev/null\nif [ $? != 0 ] ; then\n    # print error to STDERR\n    echo \"error: The sandbox is not in sync with the Podfile.lock. Run 'pod install' or update your CocoaPods installation.\" >&2\n    exit 1\nfi\n# This output is used by Xcode 'outputs' to avoid re-running this script phase.\necho \"SUCCESS\" > \"${SCRIPT_OUTPUT_FILE_0}\"\n";
			showEnvVarsInLog = 0;
		};
/* End PBXShellScriptBuildPhase section */

/* Begin PBXSourcesBuildPhase section */
		AEC61D7A20998F4700DFC8B9 /* Sources */ = {
			isa = PBXSourcesBuildPhase;
			buildActionMask = 2147483647;
			files = (
				AEC61DA120998FC100DFC8B9 /* WebRefreshViewController.m in Sources */,
				AEC61D8520998F4700DFC8B9 /* ViewController.m in Sources */,
				AEC61D9020998F4800DFC8B9 /* main.m in Sources */,
				AEC61D9F20998FC100DFC8B9 /* TableViewCustomRefreshView.m in Sources */,
				AEC61DA82099901900DFC8B9 /* CollectionRefreshViewController.m in Sources */,
				AEC61DA220998FC100DFC8B9 /* TableViewCustomLoadMoreView.m in Sources */,
				AEC61DA020998FC100DFC8B9 /* ScrollViewController.m in Sources */,
				AEC61D9E20998FC100DFC8B9 /* NormalTableViewController.m in Sources */,
				AEC61DA72099901900DFC8B9 /* CustomTableViewController.m in Sources */,
				AEC61D8220998F4700DFC8B9 /* AppDelegate.m in Sources */,
			);
			runOnlyForDeploymentPostprocessing = 0;
		};
/* End PBXSourcesBuildPhase section */

/* Begin PBXVariantGroup section */
		AEC61D8620998F4700DFC8B9 /* Main.storyboard */ = {
			isa = PBXVariantGroup;
			children = (
				AEC61D8720998F4700DFC8B9 /* Base */,
			);
			name = Main.storyboard;
			sourceTree = "<group>";
		};
		AEC61D8B20998F4800DFC8B9 /* LaunchScreen.storyboard */ = {
			isa = PBXVariantGroup;
			children = (
				AEC61D8C20998F4800DFC8B9 /* Base */,
			);
			name = LaunchScreen.storyboard;
			sourceTree = "<group>";
		};
/* End PBXVariantGroup section */

/* Begin XCBuildConfiguration section */
		AEC61D9220998F4800DFC8B9 /* Debug */ = {
			isa = XCBuildConfiguration;
			baseConfigurationReference = 6C0BD456B6A3CC2BAA1531FF /* Pods-KZ_RefreshScrollView_iOS.debug.xcconfig */;
			buildSettings = {
				ASSETCATALOG_COMPILER_APPICON_NAME = AppIcon;
				ASSETCATALOG_COMPILER_LAUNCHIMAGE_NAME = LaunchImage;
				CLANG_ANALYZER_NUMBER_OBJECT_CONVERSION = YES_AGGRESSIVE;
				CLANG_CXX_LANGUAGE_STANDARD = "gnu++14";
				CLANG_ENABLE_OBJC_WEAK = YES;
				CLANG_WARN_DEPRECATED_OBJC_IMPLEMENTATIONS = YES;
				CLANG_WARN_OBJC_IMPLICIT_RETAIN_SELF = YES;
				CLANG_WARN_UNGUARDED_AVAILABILITY = YES_AGGRESSIVE;
				CODE_SIGN_IDENTITY = "iPhone Developer";
				CODE_SIGN_STYLE = Automatic;
				DEVELOPMENT_TEAM = TGTFTDLM8G;
				FRAMEWORK_SEARCH_PATHS = (
					"$(inherited)",
					"$(PROJECT_DIR)/KZ_RefreshScrollView_iOS/RefreshScrollView",
				);
				GCC_C_LANGUAGE_STANDARD = gnu11;
				INFOPLIST_FILE = KZ_RefreshScrollView_iOS/Info.plist;
				IPHONEOS_DEPLOYMENT_TARGET = 11.3;
				LD_RUNPATH_SEARCH_PATHS = "$(inherited) @executable_path/Frameworks";
				PRODUCT_BUNDLE_IDENTIFIER = "com.kieronzhang.KZ-RefreshScrollView-iOS";
				PRODUCT_NAME = "$(TARGET_NAME)";
				TARGETED_DEVICE_FAMILY = 1;
			};
			name = Debug;
		};
		AEC61D9320998F4800DFC8B9 /* Release */ = {
			isa = XCBuildConfiguration;
			baseConfigurationReference = 6F72EE4DA894A1498F6174BC /* Pods-KZ_RefreshScrollView_iOS.release.xcconfig */;
			buildSettings = {
				ASSETCATALOG_COMPILER_APPICON_NAME = AppIcon;
				ASSETCATALOG_COMPILER_LAUNCHIMAGE_NAME = LaunchImage;
				CLANG_ANALYZER_NUMBER_OBJECT_CONVERSION = YES_AGGRESSIVE;
				CLANG_CXX_LANGUAGE_STANDARD = "gnu++14";
				CLANG_ENABLE_OBJC_WEAK = YES;
				CLANG_WARN_DEPRECATED_OBJC_IMPLEMENTATIONS = YES;
				CLANG_WARN_OBJC_IMPLICIT_RETAIN_SELF = YES;
				CLANG_WARN_UNGUARDED_AVAILABILITY = YES_AGGRESSIVE;
				CODE_SIGN_IDENTITY = "iPhone Developer";
				CODE_SIGN_STYLE = Automatic;
				DEVELOPMENT_TEAM = TGTFTDLM8G;
				FRAMEWORK_SEARCH_PATHS = (
					"$(inherited)",
					"$(PROJECT_DIR)/KZ_RefreshScrollView_iOS/RefreshScrollView",
				);
				GCC_C_LANGUAGE_STANDARD = gnu11;
				INFOPLIST_FILE = KZ_RefreshScrollView_iOS/Info.plist;
				IPHONEOS_DEPLOYMENT_TARGET = 11.3;
				LD_RUNPATH_SEARCH_PATHS = "$(inherited) @executable_path/Frameworks";
				PRODUCT_BUNDLE_IDENTIFIER = "com.kieronzhang.KZ-RefreshScrollView-iOS";
				PRODUCT_NAME = "$(TARGET_NAME)";
				TARGETED_DEVICE_FAMILY = 1;
			};
			name = Release;
		};
		AEF176F71E0EBDFC003D041A /* Debug */ = {
			isa = XCBuildConfiguration;
			buildSettings = {
				ALWAYS_SEARCH_USER_PATHS = NO;
				CLANG_ANALYZER_NONNULL = YES;
				CLANG_CXX_LANGUAGE_STANDARD = "gnu++0x";
				CLANG_CXX_LIBRARY = "libc++";
				CLANG_ENABLE_MODULES = YES;
				CLANG_ENABLE_OBJC_ARC = YES;
				CLANG_WARN_BLOCK_CAPTURE_AUTORELEASING = YES;
				CLANG_WARN_BOOL_CONVERSION = YES;
				CLANG_WARN_COMMA = YES;
				CLANG_WARN_CONSTANT_CONVERSION = YES;
				CLANG_WARN_DEPRECATED_OBJC_IMPLEMENTATIONS = YES;
				CLANG_WARN_DIRECT_OBJC_ISA_USAGE = YES_ERROR;
				CLANG_WARN_DOCUMENTATION_COMMENTS = YES;
				CLANG_WARN_EMPTY_BODY = YES;
				CLANG_WARN_ENUM_CONVERSION = YES;
				CLANG_WARN_INFINITE_RECURSION = YES;
				CLANG_WARN_INT_CONVERSION = YES;
				CLANG_WARN_NON_LITERAL_NULL_CONVERSION = YES;
				CLANG_WARN_OBJC_IMPLICIT_RETAIN_SELF = YES;
				CLANG_WARN_OBJC_LITERAL_CONVERSION = YES;
				CLANG_WARN_OBJC_ROOT_CLASS = YES_ERROR;
				CLANG_WARN_RANGE_LOOP_ANALYSIS = YES;
				CLANG_WARN_STRICT_PROTOTYPES = YES;
				CLANG_WARN_SUSPICIOUS_MOVE = YES;
				CLANG_WARN_UNREACHABLE_CODE = YES;
				CLANG_WARN__DUPLICATE_METHOD_MATCH = YES;
				"CODE_SIGN_IDENTITY[sdk=iphoneos*]" = "iPhone Developer";
				COPY_PHASE_STRIP = NO;
				DEBUG_INFORMATION_FORMAT = dwarf;
				ENABLE_STRICT_OBJC_MSGSEND = YES;
				ENABLE_TESTABILITY = YES;
				GCC_C_LANGUAGE_STANDARD = gnu99;
				GCC_DYNAMIC_NO_PIC = NO;
				GCC_NO_COMMON_BLOCKS = YES;
				GCC_OPTIMIZATION_LEVEL = 0;
				GCC_PREPROCESSOR_DEFINITIONS = (
					"DEBUG=1",
					"$(inherited)",
				);
				GCC_WARN_64_TO_32_BIT_CONVERSION = YES;
				GCC_WARN_ABOUT_RETURN_TYPE = YES_ERROR;
				GCC_WARN_UNDECLARED_SELECTOR = YES;
				GCC_WARN_UNINITIALIZED_AUTOS = YES_AGGRESSIVE;
				GCC_WARN_UNUSED_FUNCTION = YES;
				GCC_WARN_UNUSED_VARIABLE = YES;
				IPHONEOS_DEPLOYMENT_TARGET = 8.0;
				MTL_ENABLE_DEBUG_INFO = YES;
				ONLY_ACTIVE_ARCH = YES;
				SDKROOT = iphoneos;
				TARGETED_DEVICE_FAMILY = "1,2";
			};
			name = Debug;
		};
		AEF176F81E0EBDFC003D041A /* Release */ = {
			isa = XCBuildConfiguration;
			buildSettings = {
				ALWAYS_SEARCH_USER_PATHS = NO;
				CLANG_ANALYZER_NONNULL = YES;
				CLANG_CXX_LANGUAGE_STANDARD = "gnu++0x";
				CLANG_CXX_LIBRARY = "libc++";
				CLANG_ENABLE_MODULES = YES;
				CLANG_ENABLE_OBJC_ARC = YES;
				CLANG_WARN_BLOCK_CAPTURE_AUTORELEASING = YES;
				CLANG_WARN_BOOL_CONVERSION = YES;
				CLANG_WARN_COMMA = YES;
				CLANG_WARN_CONSTANT_CONVERSION = YES;
				CLANG_WARN_DEPRECATED_OBJC_IMPLEMENTATIONS = YES;
				CLANG_WARN_DIRECT_OBJC_ISA_USAGE = YES_ERROR;
				CLANG_WARN_DOCUMENTATION_COMMENTS = YES;
				CLANG_WARN_EMPTY_BODY = YES;
				CLANG_WARN_ENUM_CONVERSION = YES;
				CLANG_WARN_INFINITE_RECURSION = YES;
				CLANG_WARN_INT_CONVERSION = YES;
				CLANG_WARN_NON_LITERAL_NULL_CONVERSION = YES;
				CLANG_WARN_OBJC_IMPLICIT_RETAIN_SELF = YES;
				CLANG_WARN_OBJC_LITERAL_CONVERSION = YES;
				CLANG_WARN_OBJC_ROOT_CLASS = YES_ERROR;
				CLANG_WARN_RANGE_LOOP_ANALYSIS = YES;
				CLANG_WARN_STRICT_PROTOTYPES = YES;
				CLANG_WARN_SUSPICIOUS_MOVE = YES;
				CLANG_WARN_UNREACHABLE_CODE = YES;
				CLANG_WARN__DUPLICATE_METHOD_MATCH = YES;
				"CODE_SIGN_IDENTITY[sdk=iphoneos*]" = "iPhone Developer";
				COPY_PHASE_STRIP = NO;
				DEBUG_INFORMATION_FORMAT = "dwarf-with-dsym";
				ENABLE_NS_ASSERTIONS = NO;
				ENABLE_STRICT_OBJC_MSGSEND = YES;
				GCC_C_LANGUAGE_STANDARD = gnu99;
				GCC_NO_COMMON_BLOCKS = YES;
				GCC_WARN_64_TO_32_BIT_CONVERSION = YES;
				GCC_WARN_ABOUT_RETURN_TYPE = YES_ERROR;
				GCC_WARN_UNDECLARED_SELECTOR = YES;
				GCC_WARN_UNINITIALIZED_AUTOS = YES_AGGRESSIVE;
				GCC_WARN_UNUSED_FUNCTION = YES;
				GCC_WARN_UNUSED_VARIABLE = YES;
				IPHONEOS_DEPLOYMENT_TARGET = 8.0;
				MTL_ENABLE_DEBUG_INFO = NO;
				SDKROOT = iphoneos;
				TARGETED_DEVICE_FAMILY = "1,2";
				VALIDATE_PRODUCT = YES;
			};
			name = Release;
		};
/* End XCBuildConfiguration section */

/* Begin XCConfigurationList section */
		AEC61D9120998F4800DFC8B9 /* Build configuration list for PBXNativeTarget "KZ_RefreshScrollView_iOS" */ = {
			isa = XCConfigurationList;
			buildConfigurations = (
				AEC61D9220998F4800DFC8B9 /* Debug */,
				AEC61D9320998F4800DFC8B9 /* Release */,
			);
			defaultConfigurationIsVisible = 0;
			defaultConfigurationName = Release;
		};
		AEF176C71E0EBDFC003D041A /* Build configuration list for PBXProject "KZ_RefreshScrollView" */ = {
			isa = XCConfigurationList;
			buildConfigurations = (
				AEF176F71E0EBDFC003D041A /* Debug */,
				AEF176F81E0EBDFC003D041A /* Release */,
			);
			defaultConfigurationIsVisible = 0;
			defaultConfigurationName = Release;
		};
/* End XCConfigurationList section */
	};
	rootObject = AEF176C41E0EBDFC003D041A /* Project object */;
}
